
Microsoft Visual Studio Solution File, Format Version 12.00
# Visual Studio 15
VisualStudioVersion = 15.0.28010.2048
MinimumVisualStudioVersion = 10.0.40219.1
Project("{2150E333-8FDC-42A3-9474-1A3956D46DE8}") = "Framework", "Framework", "{9885366F-AE86-46CD-BA6A-D4BAE528EBC6}"
EndProject
Project("{9A19103F-16F7-4668-BE54-9A1E7A4F7556}") = "WeyhdBot.Core", "Framework\WeyhdBot.Core\WeyhdBot.Core.csproj", "{DF2DAC41-BA30-4F65-BE20-3255A54F42A4}"
EndProject
Project("{9A19103F-16F7-4668-BE54-9A1E7A4F7556}") = "WeyhdBot.MongoDb", "Framework\WeyhdBot.MongoDb\WeyhdBot.MongoDb.csproj", "{58392806-0625-4D1F-A8C4-99BE6B221559}"
EndProject
Project("{9A19103F-16F7-4668-BE54-9A1E7A4F7556}") = "WechatConnector", "WechatConnector\WechatConnector.csproj", "{836154F4-B7EB-45E9-9433-4FCF97F5C80D}"
EndProject
Project("{9A19103F-16F7-4668-BE54-9A1E7A4F7556}") = "WeyhdBot.Wechat", "Framework\WeyhdBot.Wechat\WeyhdBot.Wechat.csproj", "{7D16AB66-7F1D-4CE5-A107-AC5ABBA3D504}"
EndProject
Project("{9A19103F-16F7-4668-BE54-9A1E7A4F7556}") = "WeyhdBot", "WeyhdBot\WeyhdBot.csproj", "{A1961FA7-3BA2-4B95-A22C-6BF7E3A38094}"
EndProject
Project("{2150E333-8FDC-42A3-9474-1A3956D46DE8}") = "Libraries", "Libraries", "{3C3E684B-820B-4121-B4C0-8BCF0B1B7A20}"
EndProject
Project("{FAE04EC0-301F-11D3-BF4B-00C04F79EFBC}") = "Bot.Builder.Redis.Storage", "Libraries\Bot.Builder.Redis.Storage\Bot.Builder.Redis.Storage.csproj", "{97643E7F-CF95-497C-90BB-9AECF7C03EC8}"
EndProject
Global
	GlobalSection(SolutionConfigurationPlatforms) = preSolution
		Debug|Any CPU = Debug|Any CPU
		Release|Any CPU = Release|Any CPU
	EndGlobalSection
	GlobalSection(ProjectConfigurationPlatforms) = postSolution
		{DF2DAC41-BA30-4F65-BE20-3255A54F42A4}.Debug|Any CPU.ActiveCfg = Debug|Any CPU
		{DF2DAC41-BA30-4F65-BE20-3255A54F42A4}.Debug|Any CPU.Build.0 = Debug|Any CPU
		{DF2DAC41-BA30-4F65-BE20-3255A54F42A4}.Release|Any CPU.ActiveCfg = Release|Any CPU
		{DF2DAC41-BA30-4F65-BE20-3255A54F42A4}.Release|Any CPU.Build.0 = Release|Any CPU
		{58392806-0625-4D1F-A8C4-99BE6B221559}.Debug|Any CPU.ActiveCfg = Debug|Any CPU
		{58392806-0625-4D1F-A8C4-99BE6B221559}.Debug|Any CPU.Build.0 = Debug|Any CPU
		{58392806-0625-4D1F-A8C4-99BE6B221559}.Release|Any CPU.ActiveCfg = Release|Any CPU
		{58392806-0625-4D1F-A8C4-99BE6B221559}.Release|Any CPU.Build.0 = Release|Any CPU
		{836154F4-B7EB-45E9-9433-4FCF97F5C80D}.Debug|Any CPU.ActiveCfg = Debug|Any CPU
		{836154F4-B7EB-45E9-9433-4FCF97F5C80D}.Debug|Any CPU.Build.0 = Debug|Any CPU
		{836154F4-B7EB-45E9-9433-4FCF97F5C80D}.Release|Any CPU.ActiveCfg = Release|Any CPU
		{836154F4-B7EB-45E9-9433-4FCF97F5C80D}.Release|Any CPU.Build.0 = Release|Any CPU
		{7D16AB66-7F1D-4CE5-A107-AC5ABBA3D504}.Debug|Any CPU.ActiveCfg = Debug|Any CPU
		{7D16AB66-7F1D-4CE5-A107-AC5ABBA3D504}.Debug|Any CPU.Build.0 = Debug|Any CPU
		{7D16AB66-7F1D-4CE5-A107-AC5ABBA3D504}.Release|Any CPU.ActiveCfg = Release|Any CPU
		{7D16AB66-7F1D-4CE5-A107-AC5ABBA3D504}.Release|Any CPU.Build.0 = Release|Any CPU
		{A1961FA7-3BA2-4B95-A22C-6BF7E3A38094}.Debug|Any CPU.ActiveCfg = Debug|Any CPU
		{A1961FA7-3BA2-4B95-A22C-6BF7E3A38094}.Debug|Any CPU.Build.0 = Debug|Any CPU
		{A1961FA7-3BA2-4B95-A22C-6BF7E3A38094}.Release|Any CPU.ActiveCfg = Release|Any CPU
		{A1961FA7-3BA2-4B95-A22C-6BF7E3A38094}.Release|Any CPU.Build.0 = Release|Any CPU
		{97643E7F-CF95-497C-90BB-9AECF7C03EC8}.Debug|Any CPU.ActiveCfg = Debug|Any CPU
		{97643E7F-CF95-497C-90BB-9AECF7C03EC8}.Debug|Any CPU.Build.0 = Debug|Any CPU
		{97643E7F-CF95-497C-90BB-9AECF7C03EC8}.Release|Any CPU.ActiveCfg = Release|Any CPU
		{97643E7F-CF95-497C-90BB-9AECF7C03EC8}.Release|Any CPU.Build.0 = Release|Any CPU
	EndGlobalSection
	GlobalSection(SolutionProperties) = preSolution
		HideSolutionNode = FALSE
	EndGlobalSection
	GlobalSection(NestedProjects) = preSolution
		{DF2DAC41-BA30-4F65-BE20-3255A54F42A4} = {9885366F-AE86-46CD-BA6A-D4BAE528EBC6}
		{58392806-0625-4D1F-A8C4-99BE6B221559} = {9885366F-AE86-46CD-BA6A-D4BAE528EBC6}
		{7D16AB66-7F1D-4CE5-A107-AC5ABBA3D504} = {9885366F-AE86-46CD-BA6A-D4BAE528EBC6}
		{97643E7F-CF95-497C-90BB-9AECF7C03EC8} = {3C3E684B-820B-4121-B4C0-8BCF0B1B7A20}
	EndGlobalSection
	GlobalSection(ExtensibilityGlobals) = postSolution
		SolutionGuid = {1E3CF39B-D6B8-4AE8-962D-518791992FD2}
	EndGlobalSection
EndGlobal
